{
  "name": "dorothychang15.github.io",
  "version": "1.0.0",
  "lockfileVersion": 1,
  "requires": true,
  "dependencies": {
    "angular": {
      "version": "https://registry.npmjs.org/angular/-/angular-1.5.3.tgz",
      "integrity": "sha1-N8LxmK52wtbzcXpOzvHN3LBIr3k="
    },
    "bootstrap": {
      "version": "https://registry.npmjs.org/bootstrap/-/bootstrap-3.3.6.tgz",
      "integrity": "sha1-jej3SdyKdD8qxbUQ2Yg3Hj2qZYk="
    },
    "firebase": {
      "version": "https://registry.npmjs.org/firebase/-/firebase-2.4.2.tgz",
      "integrity": "sha1-ThEZ7AOWylYdinrL/xYw/qxsCjE=",
      "requires": {
        "faye-websocket": "https://registry.npmjs.org/faye-websocket/-/faye-websocket-0.9.3.tgz"
      },
      "dependencies": {
        "faye-websocket": {
          "version": "https://registry.npmjs.org/faye-websocket/-/faye-websocket-0.9.3.tgz",
          "integrity": "sha1-SCpQWw3wrmJrlphm0710DNuWLoM=",
          "requires": {
            "websocket-driver": "https://registry.npmjs.org/websocket-driver/-/websocket-driver-0.5.2.tgz"
          },
          "dependencies": {
            "websocket-driver": {
              "version": "https://registry.npmjs.org/websocket-driver/-/websocket-driver-0.5.2.tgz",
              "integrity": "sha1-jHyF2gcTtAYFVrTXHAF3XuEmnrk=",
              "requires": {
                "websocket-extensions": "https://registry.npmjs.org/websocket-extensions/-/websocket-extensions-0.1.1.tgz"
              },
              "dependencies": {
                "websocket-extensions": {
                  "version": "https://registry.npmjs.org/websocket-extensions/-/websocket-extensions-0.1.1.tgz",
                  "integrity": "sha1-domUmcGEtu91Q3fC27DNbLVdKec="
                }
              }
            }
          }
        }
      }
    }
  }
}
